
Microsoft Visual Studio Solution File, Format Version 12.00
# Visual Studio Version 16
VisualStudioVersion = 16.0.31605.320
MinimumVisualStudioVersion = 10.0.40219.1
Project("{FAE04EC0-301F-11D3-BF4B-00C04F79EFBC}") = "WebView2Demo", "WebView2Demo\WebView2Demo.csproj", "{E2DAE7EB-C80A-4AC5-9506-B11557D356EA}"
EndProject
Project("{2150E333-8FDC-42A3-9474-1A3956D46DE8}") = ".git", ".git", "{36DCA03B-91BE-41FF-9883-4B84F9B53329}"
	ProjectSection(SolutionItems) = preProject
		.gitattributes = .gitattributes
		.gitignore = .gitignore
	EndProjectSection
EndProject
Global
	GlobalSection(SolutionConfigurationPlatforms) = preSolution
		Debug|Any CPU = Debug|Any CPU
		Release|Any CPU = Release|Any CPU
	EndGlobalSection
	GlobalSection(ProjectConfigurationPlatforms) = postSolution
		{E2DAE7EB-C80A-4AC5-9506-B11557D356EA}.Debug|Any CPU.ActiveCfg = Debug|Any CPU
		{E2DAE7EB-C80A-4AC5-9506-B11557D356EA}.Debug|Any CPU.Build.0 = Debug|Any CPU
		{E2DAE7EB-C80A-4AC5-9506-B11557D356EA}.Release|Any CPU.ActiveCfg = Release|Any CPU
		{E2DAE7EB-C80A-4AC5-9506-B11557D356EA}.Release|Any CPU.Build.0 = Release|Any CPU
	EndGlobalSection
	GlobalSection(SolutionProperties) = preSolution
		HideSolutionNode = FALSE
	EndGlobalSection
	GlobalSection(ExtensibilityGlobals) = postSolution
		SolutionGuid = {DE504E88-268C-455C-9A74-3E127499B704}
	EndGlobalSection
EndGlobal
